
Microsoft Visual Studio Solution File, Format Version 12.00
# Visual Studio 15
VisualStudioVersion = 15.0.27428.2002
MinimumVisualStudioVersion = 10.0.40219.1
Project("{FAE04EC0-301F-11D3-BF4B-00C04F79EFBC}") = "ImageService", "ImageService\ImageService.csproj", "{DE34EB39-963F-4285-A9E7-4D627F3765F3}"
EndProject
Project("{FAE04EC0-301F-11D3-BF4B-00C04F79EFBC}") = "Infrastructure", "Infrastructure\Infrastructure.csproj", "{E8D01517-3B23-43C8-9707-23D4F0A85176}"
EndProject
Project("{FAE04EC0-301F-11D3-BF4B-00C04F79EFBC}") = "Logging", "Logging\Logging.csproj", "{94276D53-A50C-4871-B60A-2EA07CF47C54}"
EndProject
Project("{FAE04EC0-301F-11D3-BF4B-00C04F79EFBC}") = "ClientGui", "ClientGui\ClientGui.csproj", "{A1D02631-7561-4711-9A4C-AC62B2410B3A}"
EndProject
Project("{FAE04EC0-301F-11D3-BF4B-00C04F79EFBC}") = "Communication", "Communication\Communication.csproj", "{88E6E630-6A20-42CF-9923-F029825B0BC1}"
EndProject
Project("{FAE04EC0-301F-11D3-BF4B-00C04F79EFBC}") = "WebApplication", "WebApplication\WebApplication.csproj", "{928EB417-6816-47DB-9E16-630E73B55D28}"
EndProject
Global
	GlobalSection(SolutionConfigurationPlatforms) = preSolution
		Debug|Any CPU = Debug|Any CPU
		Release|Any CPU = Release|Any CPU
	EndGlobalSection
	GlobalSection(ProjectConfigurationPlatforms) = postSolution
		{DE34EB39-963F-4285-A9E7-4D627F3765F3}.Debug|Any CPU.ActiveCfg = Debug|Any CPU
		{DE34EB39-963F-4285-A9E7-4D627F3765F3}.Debug|Any CPU.Build.0 = Debug|Any CPU
		{DE34EB39-963F-4285-A9E7-4D627F3765F3}.Release|Any CPU.ActiveCfg = Release|Any CPU
		{DE34EB39-963F-4285-A9E7-4D627F3765F3}.Release|Any CPU.Build.0 = Release|Any CPU
		{E8D01517-3B23-43C8-9707-23D4F0A85176}.Debug|Any CPU.ActiveCfg = Debug|Any CPU
		{E8D01517-3B23-43C8-9707-23D4F0A85176}.Debug|Any CPU.Build.0 = Debug|Any CPU
		{E8D01517-3B23-43C8-9707-23D4F0A85176}.Release|Any CPU.ActiveCfg = Release|Any CPU
		{E8D01517-3B23-43C8-9707-23D4F0A85176}.Release|Any CPU.Build.0 = Release|Any CPU
		{94276D53-A50C-4871-B60A-2EA07CF47C54}.Debug|Any CPU.ActiveCfg = Debug|Any CPU
		{94276D53-A50C-4871-B60A-2EA07CF47C54}.Debug|Any CPU.Build.0 = Debug|Any CPU
		{94276D53-A50C-4871-B60A-2EA07CF47C54}.Release|Any CPU.ActiveCfg = Release|Any CPU
		{94276D53-A50C-4871-B60A-2EA07CF47C54}.Release|Any CPU.Build.0 = Release|Any CPU
		{A1D02631-7561-4711-9A4C-AC62B2410B3A}.Debug|Any CPU.ActiveCfg = Debug|Any CPU
		{A1D02631-7561-4711-9A4C-AC62B2410B3A}.Debug|Any CPU.Build.0 = Debug|Any CPU
		{A1D02631-7561-4711-9A4C-AC62B2410B3A}.Release|Any CPU.ActiveCfg = Release|Any CPU
		{A1D02631-7561-4711-9A4C-AC62B2410B3A}.Release|Any CPU.Build.0 = Release|Any CPU
		{88E6E630-6A20-42CF-9923-F029825B0BC1}.Debug|Any CPU.ActiveCfg = Debug|Any CPU
		{88E6E630-6A20-42CF-9923-F029825B0BC1}.Debug|Any CPU.Build.0 = Debug|Any CPU
		{88E6E630-6A20-42CF-9923-F029825B0BC1}.Release|Any CPU.ActiveCfg = Release|Any CPU
		{88E6E630-6A20-42CF-9923-F029825B0BC1}.Release|Any CPU.Build.0 = Release|Any CPU
		{928EB417-6816-47DB-9E16-630E73B55D28}.Debug|Any CPU.ActiveCfg = Debug|Any CPU
		{928EB417-6816-47DB-9E16-630E73B55D28}.Debug|Any CPU.Build.0 = Debug|Any CPU
		{928EB417-6816-47DB-9E16-630E73B55D28}.Release|Any CPU.ActiveCfg = Release|Any CPU
		{928EB417-6816-47DB-9E16-630E73B55D28}.Release|Any CPU.Build.0 = Release|Any CPU
	EndGlobalSection
	GlobalSection(SolutionProperties) = preSolution
		HideSolutionNode = FALSE
	EndGlobalSection
	GlobalSection(ExtensibilityGlobals) = postSolution
		SolutionGuid = {61DC0CF6-4951-410F-8A39-0623F6DF4319}
	EndGlobalSection
EndGlobal
